
Microsoft Visual Studio Solution File, Format Version 12.00
# Visual Studio 15
VisualStudioVersion = 15.0.27130.2010
MinimumVisualStudioVersion = 15.0.26124.0
Project("{9A19103F-16F7-4668-BE54-9A1E7A4F7556}") = "Zxcvbn", "Zxcvbn\Zxcvbn.csproj", "{2A79FCBF-F25C-4BE0-9AC6-0731FF34F045}"
EndProject
Global
	GlobalSection(SolutionConfigurationPlatforms) = preSolution
		Debug|Any CPU = Debug|Any CPU
		Debug|x64 = Debug|x64
		Debug|x86 = Debug|x86
		Release|Any CPU = Release|Any CPU
		Release|x64 = Release|x64
		Release|x86 = Release|x86
	EndGlobalSection
	GlobalSection(ProjectConfigurationPlatforms) = postSolution
		{2A79FCBF-F25C-4BE0-9AC6-0731FF34F045}.Debug|Any CPU.ActiveCfg = Debug|Any CPU
		{2A79FCBF-F25C-4BE0-9AC6-0731FF34F045}.Debug|Any CPU.Build.0 = Debug|Any CPU
		{2A79FCBF-F25C-4BE0-9AC6-0731FF34F045}.Debug|x64.ActiveCfg = Debug|Any CPU
		{2A79FCBF-F25C-4BE0-9AC6-0731FF34F045}.Debug|x64.Build.0 = Debug|Any CPU
		{2A79FCBF-F25C-4BE0-9AC6-0731FF34F045}.Debug|x86.ActiveCfg = Debug|Any CPU
		{2A79FCBF-F25C-4BE0-9AC6-0731FF34F045}.Debug|x86.Build.0 = Debug|Any CPU
		{2A79FCBF-F25C-4BE0-9AC6-0731FF34F045}.Release|Any CPU.ActiveCfg = Release|Any CPU
		{2A79FCBF-F25C-4BE0-9AC6-0731FF34F045}.Release|Any CPU.Build.0 = Release|Any CPU
		{2A79FCBF-F25C-4BE0-9AC6-0731FF34F045}.Release|x64.ActiveCfg = Release|Any CPU
		{2A79FCBF-F25C-4BE0-9AC6-0731FF34F045}.Release|x64.Build.0 = Release|Any CPU
		{2A79FCBF-F25C-4BE0-9AC6-0731FF34F045}.Release|x86.ActiveCfg = Release|Any CPU
		{2A79FCBF-F25C-4BE0-9AC6-0731FF34F045}.Release|x86.Build.0 = Release|Any CPU
		{DA28B9BF-71D6-49B3-8EA0-25E322FCF5E5}.Debug|Any CPU.ActiveCfg = Debug|Any CPU
		{DA28B9BF-71D6-49B3-8EA0-25E322FCF5E5}.Debug|Any CPU.Build.0 = Debug|Any CPU
		{DA28B9BF-71D6-49B3-8EA0-25E322FCF5E5}.Debug|x64.ActiveCfg = Debug|Any CPU
		{DA28B9BF-71D6-49B3-8EA0-25E322FCF5E5}.Debug|x64.Build.0 = Debug|Any CPU
		{DA28B9BF-71D6-49B3-8EA0-25E322FCF5E5}.Debug|x86.ActiveCfg = Debug|Any CPU
		{DA28B9BF-71D6-49B3-8EA0-25E322FCF5E5}.Debug|x86.Build.0 = Debug|Any CPU
		{DA28B9BF-71D6-49B3-8EA0-25E322FCF5E5}.Release|Any CPU.ActiveCfg = Release|Any CPU
		{DA28B9BF-71D6-49B3-8EA0-25E322FCF5E5}.Release|Any CPU.Build.0 = Release|Any CPU
		{DA28B9BF-71D6-49B3-8EA0-25E322FCF5E5}.Release|x64.ActiveCfg = Release|Any CPU
		{DA28B9BF-71D6-49B3-8EA0-25E322FCF5E5}.Release|x64.Build.0 = Release|Any CPU
		{DA28B9BF-71D6-49B3-8EA0-25E322FCF5E5}.Release|x86.ActiveCfg = Release|Any CPU
		{DA28B9BF-71D6-49B3-8EA0-25E322FCF5E5}.Release|x86.Build.0 = Release|Any CPU
	EndGlobalSection
	GlobalSection(SolutionProperties) = preSolution
		HideSolutionNode = FALSE
	EndGlobalSection
	GlobalSection(ExtensibilityGlobals) = postSolution
		SolutionGuid = {BFDB060D-FAD7-471D-99F8-472D2469F02F}
	EndGlobalSection
EndGlobal
